// !$*UTF8*$!
{
	archiveVersion = 1;
	classes = {
	};
	objectVersion = 56;
	objects = {

/* Begin PBXBuildFile section */
		83BC1AD52AD66EA600AB4E9C /* ControlsAndTextViewsApp.swift in Sources */ = {isa = PBXBuildFile; fileRef = 83BC1AD42AD66EA600AB4E9C /* ControlsAndTextViewsApp.swift */; };
		83BC1AD72AD66EA600AB4E9C /* ContentView.swift in Sources */ = {isa = PBXBuildFile; fileRef = 83BC1AD62AD66EA600AB4E9C /* ContentView.swift */; };
		83BC1AD92AD66EA700AB4E9C /* Assets.xcassets in Resources */ = {isa = PBXBuildFile; fileRef = 83BC1AD82AD66EA700AB4E9C /* Assets.xcassets */; };
		83BC1ADC2AD66EA700AB4E9C /* Preview Assets.xcassets in Resources */ = {isa = PBXBuildFile; fileRef = 83BC1ADB2AD66EA700AB4E9C /* Preview Assets.xcassets */; };
		83BC1AE62AD66EA700AB4E9C /* ControlsAndTextViewsTests.swift in Sources */ = {isa = PBXBuildFile; fileRef = 83BC1AE52AD66EA700AB4E9C /* ControlsAndTextViewsTests.swift */; };
		83BC1AF02AD66EA700AB4E9C /* ControlsAndTextViewsUITests.swift in Sources */ = {isa = PBXBuildFile; fileRef = 83BC1AEF2AD66EA700AB4E9C /* ControlsAndTextViewsUITests.swift */; };
		83BC1AF22AD66EA700AB4E9C /* ControlsAndTextViewsUITestsLaunchTests.swift in Sources */ = {isa = PBXBuildFile; fileRef = 83BC1AF12AD66EA700AB4E9C /* ControlsAndTextViewsUITestsLaunchTests.swift */; };
/* End PBXBuildFile section */

/* Begin PBXContainerItemProxy section */
		83BC1AE22AD66EA700AB4E9C /* PBXContainerItemProxy */ = {
			isa = PBXContainerItemProxy;
			containerPortal = 83BC1AC92AD66EA600AB4E9C /* Project object */;
			proxyType = 1;
			remoteGlobalIDString = 83BC1AD02AD66EA600AB4E9C;
			remoteInfo = ControlsAndTextViews;
		};
		83BC1AEC2AD66EA700AB4E9C /* PBXContainerItemProxy */ = {
			isa = PBXContainerItemProxy;
			containerPortal = 83BC1AC92AD66EA600AB4E9C /* Project object */;
			proxyType = 1;
			remoteGlobalIDString = 83BC1AD02AD66EA600AB4E9C;
			remoteInfo = ControlsAndTextViews;
		};
/* End PBXContainerItemProxy section */

/* Begin PBXFileReference section */
		83BC1AD12AD66EA600AB4E9C /* ControlsAndTextViews.app */ = {isa = PBXFileReference; explicitFileType = wrapper.application; includeInIndex = 0; path = ControlsAndTextViews.app; sourceTree = BUILT_PRODUCTS_DIR; };
		83BC1AD42AD66EA600AB4E9C /* ControlsAndTextViewsApp.swift */ = {isa = PBXFileReference; lastKnownFileType = sourcecode.swift; path = ControlsAndTextViewsApp.swift; sourceTree = "<group>"; };
		83BC1AD62AD66EA600AB4E9C /* ContentView.swift */ = {isa = PBXFileReference; lastKnownFileType = sourcecode.swift; path = ContentView.swift; sourceTree = "<group>"; };
		83BC1AD82AD66EA700AB4E9C /* Assets.xcassets */ = {isa = PBXFileReference; lastKnownFileType = folder.assetcatalog; path = Assets.xcassets; sourceTree = "<group>"; };
		83BC1ADB2AD66EA700AB4E9C /* Preview Assets.xcassets */ = {isa = PBXFileReference; lastKnownFileType = folder.assetcatalog; path = "Preview Assets.xcassets"; sourceTree = "<group>"; };
		83BC1AE12AD66EA700AB4E9C /* ControlsAndTextViewsTests.xctest */ = {isa = PBXFileReference; explicitFileType = wrapper.cfbundle; includeInIndex = 0; path = ControlsAndTextViewsTests.xctest; sourceTree = BUILT_PRODUCTS_DIR; };
		83BC1AE52AD66EA700AB4E9C /* ControlsAndTextViewsTests.swift */ = {isa = PBXFileReference; lastKnownFileType = sourcecode.swift; path = ControlsAndTextViewsTests.swift; sourceTree = "<group>"; };
		83BC1AEB2AD66EA700AB4E9C /* ControlsAndTextViewsUITests.xctest */ = {isa = PBXFileReference; explicitFileType = wrapper.cfbundle; includeInIndex = 0; path = ControlsAndTextViewsUITests.xctest; sourceTree = BUILT_PRODUCTS_DIR; };
		83BC1AEF2AD66EA700AB4E9C /* ControlsAndTextViewsUITests.swift */ = {isa = PBXFileReference; lastKnownFileType = sourcecode.swift; path = ControlsAndTextViewsUITests.swift; sourceTree = "<group>"; };
		83BC1AF12AD66EA700AB4E9C /* ControlsAndTextViewsUITestsLaunchTests.swift */ = {isa = PBXFileReference; lastKnownFileType = sourcecode.swift; path = ControlsAndTextViewsUITestsLaunchTests.swift; sourceTree = "<group>"; };
/* End PBXFileReference section */

/* Begin PBXFrameworksBuildPhase section */
		83BC1ACE2AD66EA600AB4E9C /* Frameworks */ = {
			isa = PBXFrameworksBuildPhase;
			buildActionMask = 2147483647;
			files = (
			);
			runOnlyForDeploymentPostprocessing = 0;
		};
		83BC1ADE2AD66EA700AB4E9C /* Frameworks */ = {
			isa = PBXFrameworksBuildPhase;
			buildActionMask = 2147483647;
			files = (
			);
			runOnlyForDeploymentPostprocessing = 0;
		};
		83BC1AE82AD66EA700AB4E9C /* Frameworks */ = {
			isa = PBXFrameworksBuildPhase;
			buildActionMask = 2147483647;
			files = (
			);
			runOnlyForDeploymentPostprocessing = 0;
		};
/* End PBXFrameworksBuildPhase section */

/* Begin PBXGroup section */
		83BC1AC82AD66EA600AB4E9C = {
			isa = PBXGroup;
			children = (
				83BC1AD32AD66EA600AB4E9C /* ControlsAndTextViews */,
				83BC1AE42AD66EA700AB4E9C /* ControlsAndTextViewsTests */,
				83BC1AEE2AD66EA700AB4E9C /* ControlsAndTextViewsUITests */,
				83BC1AD22AD66EA600AB4E9C /* Products */,
			);
			sourceTree = "<group>";
		};
		83BC1AD22AD66EA600AB4E9C /* Products */ = {
			isa = PBXGroup;
			children = (
				83BC1AD12AD66EA600AB4E9C /* ControlsAndTextViews.app */,
				83BC1AE12AD66EA700AB4E9C /* ControlsAndTextViewsTests.xctest */,
				83BC1AEB2AD66EA700AB4E9C /* ControlsAndTextViewsUITests.xctest */,
			);
			name = Products;
			sourceTree = "<group>";
		};
		83BC1AD32AD66EA600AB4E9C /* ControlsAndTextViews */ = {
			isa = PBXGroup;
			children = (
				83BC1AD42AD66EA600AB4E9C /* ControlsAndTextViewsApp.swift */,
				83BC1AD62AD66EA600AB4E9C /* ContentView.swift */,
				83BC1AD82AD66EA700AB4E9C /* Assets.xcassets */,
				83BC1ADA2AD66EA700AB4E9C /* Preview Content */,
			);
			path = ControlsAndTextViews;
			sourceTree = "<group>";
		};
		83BC1ADA2AD66EA700AB4E9C /* Preview Content */ = {
			isa = PBXGroup;
			children = (
				83BC1ADB2AD66EA700AB4E9C /* Preview Assets.xcassets */,
			);
			path = "Preview Content";
			sourceTree = "<group>";
		};
		83BC1AE42AD66EA700AB4E9C /* ControlsAndTextViewsTests */ = {
			isa = PBXGroup;
			children = (
				83BC1AE52AD66EA700AB4E9C /* ControlsAndTextViewsTests.swift */,
			);
			path = ControlsAndTextViewsTests;
			sourceTree = "<group>";
		};
		83BC1AEE2AD66EA700AB4E9C /* ControlsAndTextViewsUITests */ = {
			isa = PBXGroup;
			children = (
				83BC1AEF2AD66EA700AB4E9C /* ControlsAndTextViewsUITests.swift */,
				83BC1AF12AD66EA700AB4E9C /* ControlsAndTextViewsUITestsLaunchTests.swift */,
			);
			path = ControlsAndTextViewsUITests;
			sourceTree = "<group>";
		};
/* End PBXGroup section */

/* Begin PBXNativeTarget section */
		83BC1AD02AD66EA600AB4E9C /* ControlsAndTextViews */ = {
			isa = PBXNativeTarget;
			buildConfigurationList = 83BC1AF52AD66EA700AB4E9C /* Build configuration list for PBXNativeTarget "ControlsAndTextViews" */;
			buildPhases = (
				83BC1ACD2AD66EA600AB4E9C /* Sources */,
				83BC1ACE2AD66EA600AB4E9C /* Frameworks */,
				83BC1ACF2AD66EA600AB4E9C /* Resources */,
			);
			buildRules = (
			);
			dependencies = (
			);
			name = ControlsAndTextViews;
			productName = ControlsAndTextViews;
			productReference = 83BC1AD12AD66EA600AB4E9C /* ControlsAndTextViews.app */;
			productType = "com.apple.product-type.application";
		};
		83BC1AE02AD66EA700AB4E9C /* ControlsAndTextViewsTests */ = {
			isa = PBXNativeTarget;
			buildConfigurationList = 83BC1AF82AD66EA700AB4E9C /* Build configuration list for PBXNativeTarget "ControlsAndTextViewsTests" */;
			buildPhases = (
				83BC1ADD2AD66EA700AB4E9C /* Sources */,
				83BC1ADE2AD66EA700AB4E9C /* Frameworks */,
				83BC1ADF2AD66EA700AB4E9C /* Resources */,
			);
			buildRules = (
			);
			dependencies = (
				83BC1AE32AD66EA700AB4E9C /* PBXTargetDependency */,
			);
			name = ControlsAndTextViewsTests;
			productName = ControlsAndTextViewsTests;
			productReference = 83BC1AE12AD66EA700AB4E9C /* ControlsAndTextViewsTests.xctest */;
			productType = "com.apple.product-type.bundle.unit-test";
		};
		83BC1AEA2AD66EA700AB4E9C /* ControlsAndTextViewsUITests */ = {
			isa = PBXNativeTarget;
			buildConfigurationList = 83BC1AFB2AD66EA700AB4E9C /* Build configuration list for PBXNativeTarget "ControlsAndTextViewsUITests" */;
			buildPhases = (
				83BC1AE72AD66EA700AB4E9C /* Sources */,
				83BC1AE82AD66EA700AB4E9C /* Frameworks */,
				83BC1AE92AD66EA700AB4E9C /* Resources */,
			);
			buildRules = (
			);
			dependencies = (
				83BC1AED2AD66EA700AB4E9C /* PBXTargetDependency */,
			);
			name = ControlsAndTextViewsUITests;
			productName = ControlsAndTextViewsUITests;
			productReference = 83BC1AEB2AD66EA700AB4E9C /* ControlsAndTextViewsUITests.xctest */;
			productType = "com.apple.product-type.bundle.ui-testing";
		};
/* End PBXNativeTarget section */

/* Begin PBXProject section */
		83BC1AC92AD66EA600AB4E9C /* Project object */ = {
			isa = PBXProject;
			attributes = {
				BuildIndependentTargetsInParallel = 1;
				LastSwiftUpdateCheck = 1500;
				LastUpgradeCheck = 1500;
				TargetAttributes = {
					83BC1AD02AD66EA600AB4E9C = {
						CreatedOnToolsVersion = 15.0;
					};
					83BC1AE02AD66EA700AB4E9C = {
						CreatedOnToolsVersion = 15.0;
						TestTargetID = 83BC1AD02AD66EA600AB4E9C;
					};
					83BC1AEA2AD66EA700AB4E9C = {
						CreatedOnToolsVersion = 15.0;
						TestTargetID = 83BC1AD02AD66EA600AB4E9C;
					};
				};
			};
			buildConfigurationList = 83BC1ACC2AD66EA600AB4E9C /* Build configuration list for PBXProject "ControlsAndTextViews" */;
			compatibilityVersion = "Xcode 14.0";
			developmentRegion = en;
			hasScannedForEncodings = 0;
			knownRegions = (
				en,
				Base,
			);
			mainGroup = 83BC1AC82AD66EA600AB4E9C;
			productRefGroup = 83BC1AD22AD66EA600AB4E9C /* Products */;
			projectDirPath = "";
			projectRoot = "";
			targets = (
				83BC1AD02AD66EA600AB4E9C /* ControlsAndTextViews */,
				83BC1AE02AD66EA700AB4E9C /* ControlsAndTextViewsTests */,
				83BC1AEA2AD66EA700AB4E9C /* ControlsAndTextViewsUITests */,
			);
		};
/* End PBXProject section */

/* Begin PBXResourcesBuildPhase section */
		83BC1ACF2AD66EA600AB4E9C /* Resources */ = {
			isa = PBXResourcesBuildPhase;
			buildActionMask = 2147483647;
			files = (
				83BC1ADC2AD66EA700AB4E9C /* Preview Assets.xcassets in Resources */,
				83BC1AD92AD66EA700AB4E9C /* Assets.xcassets in Resources */,
			);
			runOnlyForDeploymentPostprocessing = 0;
		};
		83BC1ADF2AD66EA700AB4E9C /* Resources */ = {
			isa = PBXResourcesBuildPhase;
			buildActionMask = 2147483647;
			files = (
			);
			runOnlyForDeploymentPostprocessing = 0;
		};
		83BC1AE92AD66EA700AB4E9C /* Resources */ = {
			isa = PBXResourcesBuildPhase;
			buildActionMask = 2147483647;
			files = (
			);
			runOnlyForDeploymentPostprocessing = 0;
		};
/* End PBXResourcesBuildPhase section */

/* Begin PBXSourcesBuildPhase section */
		83BC1ACD2AD66EA600AB4E9C /* Sources */ = {
			isa = PBXSourcesBuildPhase;
			buildActionMask = 2147483647;
			files = (
				83BC1AD72AD66EA600AB4E9C /* ContentView.swift in Sources */,
				83BC1AD52AD66EA600AB4E9C /* ControlsAndTextViewsApp.swift in Sources */,
			);
			runOnlyForDeploymentPostprocessing = 0;
		};
		83BC1ADD2AD66EA700AB4E9C /* Sources */ = {
			isa = PBXSourcesBuildPhase;
			buildActionMask = 2147483647;
			files = (
				83BC1AE62AD66EA700AB4E9C /* ControlsAndTextViewsTests.swift in Sources */,
			);
			runOnlyForDeploymentPostprocessing = 0;
		};
		83BC1AE72AD66EA700AB4E9C /* Sources */ = {
			isa = PBXSourcesBuildPhase;
			buildActionMask = 2147483647;
			files = (
				83BC1AF22AD66EA700AB4E9C /* ControlsAndTextViewsUITestsLaunchTests.swift in Sources */,
				83BC1AF02AD66EA700AB4E9C /* ControlsAndTextViewsUITests.swift in Sources */,
			);
			runOnlyForDeploymentPostprocessing = 0;
		};
/* End PBXSourcesBuildPhase section */

/* Begin PBXTargetDependency section */
		83BC1AE32AD66EA700AB4E9C /* PBXTargetDependency */ = {
			isa = PBXTargetDependency;
			target = 83BC1AD02AD66EA600AB4E9C /* ControlsAndTextViews */;
			targetProxy = 83BC1AE22AD66EA700AB4E9C /* PBXContainerItemProxy */;
		};
		83BC1AED2AD66EA700AB4E9C /* PBXTargetDependency */ = {
			isa = PBXTargetDependency;
			target = 83BC1AD02AD66EA600AB4E9C /* ControlsAndTextViews */;
			targetProxy = 83BC1AEC2AD66EA700AB4E9C /* PBXContainerItemProxy */;
		};
/* End PBXTargetDependency section */

/* Begin XCBuildConfiguration section */
		83BC1AF32AD66EA700AB4E9C /* Debug */ = {
			isa = XCBuildConfiguration;
			buildSettings = {
				ALWAYS_SEARCH_USER_PATHS = NO;
				ASSETCATALOG_COMPILER_GENERATE_SWIFT_ASSET_SYMBOL_EXTENSIONS = YES;
				CLANG_ANALYZER_NONNULL = YES;
				CLANG_ANALYZER_NUMBER_OBJECT_CONVERSION = YES_AGGRESSIVE;
				CLANG_CXX_LANGUAGE_STANDARD = "gnu++20";
				CLANG_ENABLE_MODULES = YES;
				CLANG_ENABLE_OBJC_ARC = YES;
				CLANG_ENABLE_OBJC_WEAK = YES;
				CLANG_WARN_BLOCK_CAPTURE_AUTORELEASING = YES;
				CLANG_WARN_BOOL_CONVERSION = YES;
				CLANG_WARN_COMMA = YES;
				CLANG_WARN_CONSTANT_CONVERSION = YES;
				CLANG_WARN_DEPRECATED_OBJC_IMPLEMENTATIONS = YES;
				CLANG_WARN_DIRECT_OBJC_ISA_USAGE = YES_ERROR;
				CLANG_WARN_DOCUMENTATION_COMMENTS = YES;
				CLANG_WARN_EMPTY_BODY = YES;
				CLANG_WARN_ENUM_CONVERSION = YES;
				CLANG_WARN_INFINITE_RECURSION = YES;
				CLANG_WARN_INT_CONVERSION = YES;
				CLANG_WARN_NON_LITERAL_NULL_CONVERSION = YES;
				CLANG_WARN_OBJC_IMPLICIT_RETAIN_SELF = YES;
				CLANG_WARN_OBJC_LITERAL_CONVERSION = YES;
				CLANG_WARN_OBJC_ROOT_CLASS = YES_ERROR;
				CLANG_WARN_QUOTED_INCLUDE_IN_FRAMEWORK_HEADER = YES;
				CLANG_WARN_RANGE_LOOP_ANALYSIS = YES;
				CLANG_WARN_STRICT_PROTOTYPES = YES;
				CLANG_WARN_SUSPICIOUS_MOVE = YES;
				CLANG_WARN_UNGUARDED_AVAILABILITY = YES_AGGRESSIVE;
				CLANG_WARN_UNREACHABLE_CODE = YES;
				CLANG_WARN__DUPLICATE_METHOD_MATCH = YES;
				COPY_PHASE_STRIP = NO;
				DEBUG_INFORMATION_FORMAT = dwarf;
				ENABLE_STRICT_OBJC_MSGSEND = YES;
				ENABLE_TESTABILITY = YES;
				ENABLE_USER_SCRIPT_SANDBOXING = YES;
				GCC_C_LANGUAGE_STANDARD = gnu17;
				GCC_DYNAMIC_NO_PIC = NO;
				GCC_NO_COMMON_BLOCKS = YES;
				GCC_OPTIMIZATION_LEVEL = 0;
				GCC_PREPROCESSOR_DEFINITIONS = (
					"DEBUG=1",
					"$(inherited)",
				);
				GCC_WARN_64_TO_32_BIT_CONVERSION = YES;
				GCC_WARN_ABOUT_RETURN_TYPE = YES_ERROR;
				GCC_WARN_UNDECLARED_SELECTOR = YES;
				GCC_WARN_UNINITIALIZED_AUTOS = YES_AGGRESSIVE;
				GCC_WARN_UNUSED_FUNCTION = YES;
				GCC_WARN_UNUSED_VARIABLE = YES;
				IPHONEOS_DEPLOYMENT_TARGET = 17.0;
				LOCALIZATION_PREFERS_STRING_CATALOGS = YES;
				MTL_ENABLE_DEBUG_INFO = INCLUDE_SOURCE;
				MTL_FAST_MATH = YES;
				ONLY_ACTIVE_ARCH = YES;
				SDKROOT = iphoneos;
				SWIFT_ACTIVE_COMPILATION_CONDITIONS = "DEBUG $(inherited)";
				SWIFT_OPTIMIZATION_LEVEL = "-Onone";
			};
			name = Debug;
		};
		83BC1AF42AD66EA700AB4E9C /* Release */ = {
			isa = XCBuildConfiguration;
			buildSettings = {
				ALWAYS_SEARCH_USER_PATHS = NO;
				ASSETCATALOG_COMPILER_GENERATE_SWIFT_ASSET_SYMBOL_EXTENSIONS = YES;
				CLANG_ANALYZER_NONNULL = YES;
				CLANG_ANALYZER_NUMBER_OBJECT_CONVERSION = YES_AGGRESSIVE;
				CLANG_CXX_LANGUAGE_STANDARD = "gnu++20";
				CLANG_ENABLE_MODULES = YES;
				CLANG_ENABLE_OBJC_ARC = YES;
				CLANG_ENABLE_OBJC_WEAK = YES;
				CLANG_WARN_BLOCK_CAPTURE_AUTORELEASING = YES;
				CLANG_WARN_BOOL_CONVERSION = YES;
				CLANG_WARN_COMMA = YES;
				CLANG_WARN_CONSTANT_CONVERSION = YES;
				CLANG_WARN_DEPRECATED_OBJC_IMPLEMENTATIONS = YES;
				CLANG_WARN_DIRECT_OBJC_ISA_USAGE = YES_ERROR;
				CLANG_WARN_DOCUMENTATION_COMMENTS = YES;
				CLANG_WARN_EMPTY_BODY = YES;
				CLANG_WARN_ENUM_CONVERSION = YES;
				CLANG_WARN_INFINITE_RECURSION = YES;
				CLANG_WARN_INT_CONVERSION = YES;
				CLANG_WARN_NON_LITERAL_NULL_CONVERSION = YES;
				CLANG_WARN_OBJC_IMPLICIT_RETAIN_SELF = YES;
				CLANG_WARN_OBJC_LITERAL_CONVERSION = YES;
				CLANG_WARN_OBJC_ROOT_CLASS = YES_ERROR;
				CLANG_WARN_QUOTED_INCLUDE_IN_FRAMEWORK_HEADER = YES;
				CLANG_WARN_RANGE_LOOP_ANALYSIS = YES;
				CLANG_WARN_STRICT_PROTOTYPES = YES;
				CLANG_WARN_SUSPICIOUS_MOVE = YES;
				CLANG_WARN_UNGUARDED_AVAILABILITY = YES_AGGRESSIVE;
				CLANG_WARN_UNREACHABLE_CODE = YES;
				CLANG_WARN__DUPLICATE_METHOD_MATCH = YES;
				COPY_PHASE_STRIP = NO;
				DEBUG_INFORMATION_FORMAT = "dwarf-with-dsym";
				ENABLE_NS_ASSERTIONS = NO;
				ENABLE_STRICT_OBJC_MSGSEND = YES;
				ENABLE_USER_SCRIPT_SANDBOXING = YES;
				GCC_C_LANGUAGE_STANDARD = gnu17;
				GCC_NO_COMMON_BLOCKS = YES;
				GCC_WARN_64_TO_32_BIT_CONVERSION = YES;
				GCC_WARN_ABOUT_RETURN_TYPE = YES_ERROR;
				GCC_WARN_UNDECLARED_SELECTOR = YES;
				GCC_WARN_UNINITIALIZED_AUTOS = YES_AGGRESSIVE;
				GCC_WARN_UNUSED_FUNCTION = YES;
				GCC_WARN_UNUSED_VARIABLE = YES;
				IPHONEOS_DEPLOYMENT_TARGET = 17.0;
				LOCALIZATION_PREFERS_STRING_CATALOGS = YES;
				MTL_ENABLE_DEBUG_INFO = NO;
				MTL_FAST_MATH = YES;
				SDKROOT = iphoneos;
				SWIFT_COMPILATION_MODE = wholemodule;
				VALIDATE_PRODUCT = YES;
			};
			name = Release;
		};
		83BC1AF62AD66EA700AB4E9C /* Debug */ = {
			isa = XCBuildConfiguration;
			buildSettings = {
				ASSETCATALOG_COMPILER_APPICON_NAME = AppIcon;
				ASSETCATALOG_COMPILER_GLOBAL_ACCENT_COLOR_NAME = AccentColor;
				CODE_SIGN_STYLE = Automatic;
				CURRENT_PROJECT_VERSION = 1;
				DEVELOPMENT_ASSET_PATHS = "\"ControlsAndTextViews/Preview Content\"";
				DEVELOPMENT_TEAM = Y6MXH3WF8X;
				ENABLE_PREVIEWS = YES;
				GENERATE_INFOPLIST_FILE = YES;
				INFOPLIST_KEY_UIApplicationSceneManifest_Generation = YES;
				INFOPLIST_KEY_UIApplicationSupportsIndirectInputEvents = YES;
				INFOPLIST_KEY_UILaunchScreen_Generation = YES;
				INFOPLIST_KEY_UISupportedInterfaceOrientations_iPad = "UIInterfaceOrientationPortrait UIInterfaceOrientationPortraitUpsideDown UIInterfaceOrientationLandscapeLeft UIInterfaceOrientationLandscapeRight";
				INFOPLIST_KEY_UISupportedInterfaceOrientations_iPhone = "UIInterfaceOrientationPortrait UIInterfaceOrientationLandscapeLeft UIInterfaceOrientationLandscapeRight";
				LD_RUNPATH_SEARCH_PATHS = (
					"$(inherited)",
					"@executable_path/Frameworks",
				);
				MARKETING_VERSION = 1.0;
				PRODUCT_BUNDLE_IDENTIFIER = n1g1.ControlsAndTextViews;
				PRODUCT_NAME = "$(TARGET_NAME)";
				SWIFT_EMIT_LOC_STRINGS = YES;
				SWIFT_VERSION = 5.0;
				TARGETED_DEVICE_FAMILY = "1,2";
			};
			name = Debug;
		};
		83BC1AF72AD66EA700AB4E9C /* Release */ = {
			isa = XCBuildConfiguration;
			buildSettings = {
				ASSETCATALOG_COMPILER_APPICON_NAME = AppIcon;
				ASSETCATALOG_COMPILER_GLOBAL_ACCENT_COLOR_NAME = AccentColor;
				CODE_SIGN_STYLE = Automatic;
				CURRENT_PROJECT_VERSION = 1;
				DEVELOPMENT_ASSET_PATHS = "\"ControlsAndTextViews/Preview Content\"";
				DEVELOPMENT_TEAM = Y6MXH3WF8X;
				ENABLE_PREVIEWS = YES;
				GENERATE_INFOPLIST_FILE = YES;
				INFOPLIST_KEY_UIApplicationSceneManifest_Generation = YES;
				INFOPLIST_KEY_UIApplicationSupportsIndirectInputEvents = YES;
				INFOPLIST_KEY_UILaunchScreen_Generation = YES;
				INFOPLIST_KEY_UISupportedInterfaceOrientations_iPad = "UIInterfaceOrientationPortrait UIInterfaceOrientationPortraitUpsideDown UIInterfaceOrientationLandscapeLeft UIInterfaceOrientationLandscapeRight";
				INFOPLIST_KEY_UISupportedInterfaceOrientations_iPhone = "UIInterfaceOrientationPortrait UIInterfaceOrientationLandscapeLeft UIInterfaceOrientationLandscapeRight";
				LD_RUNPATH_SEARCH_PATHS = (
					"$(inherited)",
					"@executable_path/Frameworks",
				);
				MARKETING_VERSION = 1.0;
				PRODUCT_BUNDLE_IDENTIFIER = n1g1.ControlsAndTextViews;
				PRODUCT_NAME = "$(TARGET_NAME)";
				SWIFT_EMIT_LOC_STRINGS = YES;
				SWIFT_VERSION = 5.0;
				TARGETED_DEVICE_FAMILY = "1,2";
			};
			name = Release;
		};
		83BC1AF92AD66EA700AB4E9C /* Debug */ = {
			isa = XCBuildConfiguration;
			buildSettings = {
				ALWAYS_EMBED_SWIFT_STANDARD_LIBRARIES = YES;
				BUNDLE_LOADER = "$(TEST_HOST)";
				CODE_SIGN_STYLE = Automatic;
				CURRENT_PROJECT_VERSION = 1;
				DEVELOPMENT_TEAM = Y6MXH3WF8X;
				GENERATE_INFOPLIST_FILE = YES;
				IPHONEOS_DEPLOYMENT_TARGET = 17.0;
				MARKETING_VERSION = 1.0;
				PRODUCT_BUNDLE_IDENTIFIER = n1g1.ControlsAndTextViewsTests;
				PRODUCT_NAME = "$(TARGET_NAME)";
				SWIFT_EMIT_LOC_STRINGS = NO;
				SWIFT_VERSION = 5.0;
				TARGETED_DEVICE_FAMILY = "1,2";
				TEST_HOST = "$(BUILT_PRODUCTS_DIR)/ControlsAndTextViews.app/$(BUNDLE_EXECUTABLE_FOLDER_PATH)/ControlsAndTextViews";
			};
			name = Debug;
		};
		83BC1AFA2AD66EA700AB4E9C /* Release */ = {
			isa = XCBuildConfiguration;
			buildSettings = {
				ALWAYS_EMBED_SWIFT_STANDARD_LIBRARIES = YES;
				BUNDLE_LOADER = "$(TEST_HOST)";
				CODE_SIGN_STYLE = Automatic;
				CURRENT_PROJECT_VERSION = 1;
				DEVELOPMENT_TEAM = Y6MXH3WF8X;
				GENERATE_INFOPLIST_FILE = YES;
				IPHONEOS_DEPLOYMENT_TARGET = 17.0;
				MARKETING_VERSION = 1.0;
				PRODUCT_BUNDLE_IDENTIFIER = n1g1.ControlsAndTextViewsTests;
				PRODUCT_NAME = "$(TARGET_NAME)";
				SWIFT_EMIT_LOC_STRINGS = NO;
				SWIFT_VERSION = 5.0;
				TARGETED_DEVICE_FAMILY = "1,2";
				TEST_HOST = "$(BUILT_PRODUCTS_DIR)/ControlsAndTextViews.app/$(BUNDLE_EXECUTABLE_FOLDER_PATH)/ControlsAndTextViews";
			};
			name = Release;
		};
		83BC1AFC2AD66EA700AB4E9C /* Debug */ = {
			isa = XCBuildConfiguration;
			buildSettings = {
				ALWAYS_EMBED_SWIFT_STANDARD_LIBRARIES = YES;
				CODE_SIGN_STYLE = Automatic;
				CURRENT_PROJECT_VERSION = 1;
				DEVELOPMENT_TEAM = Y6MXH3WF8X;
				GENERATE_INFOPLIST_FILE = YES;
				MARKETING_VERSION = 1.0;
				PRODUCT_BUNDLE_IDENTIFIER = n1g1.ControlsAndTextViewsUITests;
				PRODUCT_NAME = "$(TARGET_NAME)";
				SWIFT_EMIT_LOC_STRINGS = NO;
				SWIFT_VERSION = 5.0;
				TARGETED_DEVICE_FAMILY = "1,2";
				TEST_TARGET_NAME = ControlsAndTextViews;
			};
			name = Debug;
		};
		83BC1AFD2AD66EA700AB4E9C /* Release */ = {
			isa = XCBuildConfiguration;
			buildSettings = {
				ALWAYS_EMBED_SWIFT_STANDARD_LIBRARIES = YES;
				CODE_SIGN_STYLE = Automatic;
				CURRENT_PROJECT_VERSION = 1;
				DEVELOPMENT_TEAM = Y6MXH3WF8X;
				GENERATE_INFOPLIST_FILE = YES;
				MARKETING_VERSION = 1.0;
				PRODUCT_BUNDLE_IDENTIFIER = n1g1.ControlsAndTextViewsUITests;
				PRODUCT_NAME = "$(TARGET_NAME)";
				SWIFT_EMIT_LOC_STRINGS = NO;
				SWIFT_VERSION = 5.0;
				TARGETED_DEVICE_FAMILY = "1,2";
				TEST_TARGET_NAME = ControlsAndTextViews;
			};
			name = Release;
		};
/* End XCBuildConfiguration section */

/* Begin XCConfigurationList section */
		83BC1ACC2AD66EA600AB4E9C /* Build configuration list for PBXProject "ControlsAndTextViews" */ = {
			isa = XCConfigurationList;
			buildConfigurations = (
				83BC1AF32AD66EA700AB4E9C /* Debug */,
				83BC1AF42AD66EA700AB4E9C /* Release */,
			);
			defaultConfigurationIsVisible = 0;
			defaultConfigurationName = Release;
		};
		83BC1AF52AD66EA700AB4E9C /* Build configuration list for PBXNativeTarget "ControlsAndTextViews" */ = {
			isa = XCConfigurationList;
			buildConfigurations = (
				83BC1AF62AD66EA700AB4E9C /* Debug */,
				83BC1AF72AD66EA700AB4E9C /* Release */,
			);
			defaultConfigurationIsVisible = 0;
			defaultConfigurationName = Release;
		};
		83BC1AF82AD66EA700AB4E9C /* Build configuration list for PBXNativeTarget "ControlsAndTextViewsTests" */ = {
			isa = XCConfigurationList;
			buildConfigurations = (
				83BC1AF92AD66EA700AB4E9C /* Debug */,
				83BC1AFA2AD66EA700AB4E9C /* Release */,
			);
			defaultConfigurationIsVisible = 0;
			defaultConfigurationName = Release;
		};
		83BC1AFB2AD66EA700AB4E9C /* Build configuration list for PBXNativeTarget "ControlsAndTextViewsUITests" */ = {
			isa = XCConfigurationList;
			buildConfigurations = (
				83BC1AFC2AD66EA700AB4E9C /* Debug */,
				83BC1AFD2AD66EA700AB4E9C /* Release */,
			);
			defaultConfigurationIsVisible = 0;
			defaultConfigurationName = Release;
		};
/* End XCConfigurationList section */
	};
	rootObject = 83BC1AC92AD66EA600AB4E9C /* Project object */;
}
